PODS:
  - libwebp (0.5.0):
    - libwebp/core (= 0.5.0)
    - libwebp/dec (= 0.5.0)
    - libwebp/demux (= 0.5.0)
    - libwebp/dsp (= 0.5.0)
    - libwebp/enc (= 0.5.0)
    - libwebp/mux (= 0.5.0)
    - libwebp/utils (= 0.5.0)
    - libwebp/webp (= 0.5.0)
  - libwebp/core (0.5.0):
    - libwebp/webp
  - libwebp/dec (0.5.0):
    - libwebp/core
  - libwebp/demux (0.5.0):
    - libwebp/core
  - libwebp/dsp (0.5.0):
    - libwebp/core
  - libwebp/enc (0.5.0):
    - libwebp/core
  - libwebp/mux (0.5.0):
    - libwebp/core
  - libwebp/utils (0.5.0):
    - libwebp/core
  - libwebp/webp (0.5.0)
  - SDWebImage (3.8.1):
    - SDWebImage/Core (= 3.8.1)
  - SDWebImage/Core (3.8.1)
  - SDWebImage/WebP (3.8.1):
    - libwebp
    - SDWebImage/Core
  - SSCycleScrollView (2.0.1):
    - SDWebImage
    - SDWebImage/WebP

DEPENDENCIES:
  - SSCycleScrollView

SPEC CHECKSUMS:
  libwebp: 68ba2001ba6806ee52837ebd77a551a0b6567e4e
  SDWebImage: 35f9627a3e44b4f292a8a8ce6a531fa488239b91
  SSCycleScrollView: 32f84188b6fcd57c6f342850c9c5153717087d25

PODFILE CHECKSUM: 4a8fd369e580ee45da5fe0012a1be8e198711647

COCOAPODS: 1.0.1
