PODS:
  - libwebp (0.5.1):
    - libwebp/core (= 0.5.1)
    - libwebp/dec (= 0.5.1)
    - libwebp/demux (= 0.5.1)
    - libwebp/dsp (= 0.5.1)
    - libwebp/enc (= 0.5.1)
    - libwebp/mux (= 0.5.1)
    - libwebp/utils (= 0.5.1)
    - libwebp/webp (= 0.5.1)
  - libwebp/core (0.5.1):
    - libwebp/webp
  - libwebp/dec (0.5.1):
    - libwebp/core
  - libwebp/demux (0.5.1):
    - libwebp/core
  - libwebp/dsp (0.5.1):
    - libwebp/core
  - libwebp/enc (0.5.1):
    - libwebp/core
  - libwebp/mux (0.5.1):
    - libwebp/core
  - libwebp/utils (0.5.1):
    - libwebp/core
  - libwebp/webp (0.5.1)
  - SDWebImage (3.8.2):
    - SDWebImage/Core (= 3.8.2)
  - SDWebImage/Core (3.8.2)
  - SDWebImage/WebP (3.8.2):
    - libwebp
    - SDWebImage/Core
  - SSCycleScrollView (2.0.2):
    - SDWebImage
    - SDWebImage/WebP

DEPENDENCIES:
  - SSCycleScrollView (from `../SSCycleScrollView`)

EXTERNAL SOURCES:
  SSCycleScrollView:
    :path: "../SSCycleScrollView"

SPEC CHECKSUMS:
  libwebp: b9126f8982a95370cf4eaad9bb3fefd57f052c15
  SDWebImage: 098e97e6176540799c27e804c96653ee0833d13c
  SSCycleScrollView: b89aa191eb7adafdfc24cc4d373d2ee7372e05c1

PODFILE CHECKSUM: bf8540171ae871e6ed02808a494533057d9dbea0

COCOAPODS: 1.0.1
