// !$*UTF8*$!
{
	archiveVersion = 1;
	classes = {
	};
	objectVersion = 46;
	objects = {

/* Begin PBXBuildFile section */
		2A1E12D81D50A3F4003BE506 /* SSCycleScrollView.swift in Sources */ = {isa = PBXBuildFile; fileRef = 2A1E12D71D50A3F4003BE506 /* SSCycleScrollView.swift */; };
		3A2482471C5A0DFF00F27695 /* defaultBackground.jpg in Resources */ = {isa = PBXBuildFile; fileRef = 3A2482441C5A0DFF00F27695 /* defaultBackground.jpg */; };
		3A2482481C5A0DFF00F27695 /* imageDownload.plist in Resources */ = {isa = PBXBuildFile; fileRef = 3A2482451C5A0DFF00F27695 /* imageDownload.plist */; };
		3A2482491C5A0DFF00F27695 /* Info.plist in Resources */ = {isa = PBXBuildFile; fileRef = 3A2482461C5A0DFF00F27695 /* Info.plist */; };
		3A5B2E4F1C58E3BB006D82FC /* SSCycleScrollView.h in Headers */ = {isa = PBXBuildFile; fileRef = 3A5B2E4E1C58E3BB006D82FC /* SSCycleScrollView.h */; settings = {ATTRIBUTES = (Public, ); }; };
		B09CE8A64E0A0DD03D951848 /* Pods_SSCycleScrollView.framework in Frameworks */ = {isa = PBXBuildFile; fileRef = BF863CD42A3114E77D362798 /* Pods_SSCycleScrollView.framework */; };
/* End PBXBuildFile section */

/* Begin PBXFileReference section */
		2A062B6B26D808CE3A0CB943 /* Pods-SSCycleScrollView.release.xcconfig */ = {isa = PBXFileReference; includeInIndex = 1; lastKnownFileType = text.xcconfig; name = "Pods-SSCycleScrollView.release.xcconfig"; path = "Pods/Target Support Files/Pods-SSCycleScrollView/Pods-SSCycleScrollView.release.xcconfig"; sourceTree = "<group>"; };
		2A1E12D71D50A3F4003BE506 /* SSCycleScrollView.swift */ = {isa = PBXFileReference; fileEncoding = 4; lastKnownFileType = sourcecode.swift; path = SSCycleScrollView.swift; sourceTree = "<group>"; };
		3A2482441C5A0DFF00F27695 /* defaultBackground.jpg */ = {isa = PBXFileReference; lastKnownFileType = image.jpeg; path = defaultBackground.jpg; sourceTree = "<group>"; };
		3A2482451C5A0DFF00F27695 /* imageDownload.plist */ = {isa = PBXFileReference; fileEncoding = 4; lastKnownFileType = text.plist.xml; path = imageDownload.plist; sourceTree = "<group>"; };
		3A2482461C5A0DFF00F27695 /* Info.plist */ = {isa = PBXFileReference; fileEncoding = 4; lastKnownFileType = text.plist.xml; path = Info.plist; sourceTree = "<group>"; };
		3A5B2E4B1C58E3BB006D82FC /* SSCycleScrollView.framework */ = {isa = PBXFileReference; explicitFileType = wrapper.framework; includeInIndex = 0; path = SSCycleScrollView.framework; sourceTree = BUILT_PRODUCTS_DIR; };
		3A5B2E4E1C58E3BB006D82FC /* SSCycleScrollView.h */ = {isa = PBXFileReference; lastKnownFileType = sourcecode.c.h; path = SSCycleScrollView.h; sourceTree = "<group>"; };
		AA4D05910D3A36BFC2C2A54A /* Pods-SSCycleScrollView.debug.xcconfig */ = {isa = PBXFileReference; includeInIndex = 1; lastKnownFileType = text.xcconfig; name = "Pods-SSCycleScrollView.debug.xcconfig"; path = "Pods/Target Support Files/Pods-SSCycleScrollView/Pods-SSCycleScrollView.debug.xcconfig"; sourceTree = "<group>"; };
		BF863CD42A3114E77D362798 /* Pods_SSCycleScrollView.framework */ = {isa = PBXFileReference; explicitFileType = wrapper.framework; includeInIndex = 0; path = Pods_SSCycleScrollView.framework; sourceTree = BUILT_PRODUCTS_DIR; };
/* End PBXFileReference section */

/* Begin PBXFrameworksBuildPhase section */
		3A5B2E471C58E3BB006D82FC /* Frameworks */ = {
			isa = PBXFrameworksBuildPhase;
			buildActionMask = 2147483647;
			files = (
				B09CE8A64E0A0DD03D951848 /* Pods_SSCycleScrollView.framework in Frameworks */,
			);
			runOnlyForDeploymentPostprocessing = 0;
		};
/* End PBXFrameworksBuildPhase section */

/* Begin PBXGroup section */
		3A2482421C5A0D7000F27695 /* Resource */ = {
			isa = PBXGroup;
			children = (
				3A2482441C5A0DFF00F27695 /* defaultBackground.jpg */,
				3A2482451C5A0DFF00F27695 /* imageDownload.plist */,
				3A2482461C5A0DFF00F27695 /* Info.plist */,
			);
			name = Resource;
			sourceTree = "<group>";
		};
		3A2482431C5A0D7A00F27695 /* Classes */ = {
			isa = PBXGroup;
			children = (
				2A1E12D71D50A3F4003BE506 /* SSCycleScrollView.swift */,
				3A5B2E4E1C58E3BB006D82FC /* SSCycleScrollView.h */,
			);
			name = Classes;
			sourceTree = "<group>";
		};
		3A5B2E411C58E3BB006D82FC = {
			isa = PBXGroup;
			children = (
				3A5B2E4D1C58E3BB006D82FC /* SSCycleScrollView */,
				3A5B2E4C1C58E3BB006D82FC /* Products */,
				5591F37F42B48E9B0466C6D5 /* Pods */,
				72F41F6405EA6D995C1DCC86 /* Frameworks */,
			);
			sourceTree = "<group>";
		};
		3A5B2E4C1C58E3BB006D82FC /* Products */ = {
			isa = PBXGroup;
			children = (
				3A5B2E4B1C58E3BB006D82FC /* SSCycleScrollView.framework */,
			);
			name = Products;
			sourceTree = "<group>";
		};
		3A5B2E4D1C58E3BB006D82FC /* SSCycleScrollView */ = {
			isa = PBXGroup;
			children = (
				3A2482431C5A0D7A00F27695 /* Classes */,
				3A2482421C5A0D7000F27695 /* Resource */,
			);
			path = SSCycleScrollView;
			sourceTree = "<group>";
		};
		5591F37F42B48E9B0466C6D5 /* Pods */ = {
			isa = PBXGroup;
			children = (
				AA4D05910D3A36BFC2C2A54A /* Pods-SSCycleScrollView.debug.xcconfig */,
				2A062B6B26D808CE3A0CB943 /* Pods-SSCycleScrollView.release.xcconfig */,
			);
			name = Pods;
			sourceTree = "<group>";
		};
		72F41F6405EA6D995C1DCC86 /* Frameworks */ = {
			isa = PBXGroup;
			children = (
				BF863CD42A3114E77D362798 /* Pods_SSCycleScrollView.framework */,
			);
			name = Frameworks;
			sourceTree = "<group>";
		};
/* End PBXGroup section */

/* Begin PBXHeadersBuildPhase section */
		3A5B2E481C58E3BB006D82FC /* Headers */ = {
			isa = PBXHeadersBuildPhase;
			buildActionMask = 2147483647;
			files = (
				3A5B2E4F1C58E3BB006D82FC /* SSCycleScrollView.h in Headers */,
			);
			runOnlyForDeploymentPostprocessing = 0;
		};
/* End PBXHeadersBuildPhase section */

/* Begin PBXNativeTarget section */
		3A5B2E4A1C58E3BB006D82FC /* SSCycleScrollView */ = {
			isa = PBXNativeTarget;
			buildConfigurationList = 3A5B2E5F1C58E3BB006D82FC /* Build configuration list for PBXNativeTarget "SSCycleScrollView" */;
			buildPhases = (
				F114AA2FCE2B0D1BFB10ABFB /* [CP] Check Pods Manifest.lock */,
				3A5B2E461C58E3BB006D82FC /* Sources */,
				3A5B2E471C58E3BB006D82FC /* Frameworks */,
				3A5B2E481C58E3BB006D82FC /* Headers */,
				3A5B2E491C58E3BB006D82FC /* Resources */,
				A29F5C5BBF10D3FA2A3313B4 /* [CP] Copy Pods Resources */,
			);
			buildRules = (
			);
			dependencies = (
			);
			name = SSCycleScrollView;
			productName = SSCycleScrollView;
			productReference = 3A5B2E4B1C58E3BB006D82FC /* SSCycleScrollView.framework */;
			productType = "com.apple.product-type.framework";
		};
/* End PBXNativeTarget section */

/* Begin PBXProject section */
		3A5B2E421C58E3BB006D82FC /* Project object */ = {
			isa = PBXProject;
			attributes = {
				LastSwiftUpdateCheck = 0730;
				LastUpgradeCheck = 0720;
				ORGANIZATIONNAME = Shawn;
				TargetAttributes = {
					3A5B2E4A1C58E3BB006D82FC = {
						CreatedOnToolsVersion = 7.2;
					};
				};
			};
			buildConfigurationList = 3A5B2E451C58E3BB006D82FC /* Build configuration list for PBXProject "SSCycleScrollView" */;
			compatibilityVersion = "Xcode 3.2";
			developmentRegion = English;
			hasScannedForEncodings = 0;
			knownRegions = (
				en,
			);
			mainGroup = 3A5B2E411C58E3BB006D82FC;
			productRefGroup = 3A5B2E4C1C58E3BB006D82FC /* Products */;
			projectDirPath = "";
			projectRoot = "";
			targets = (
				3A5B2E4A1C58E3BB006D82FC /* SSCycleScrollView */,
			);
		};
/* End PBXProject section */

/* Begin PBXResourcesBuildPhase section */
		3A5B2E491C58E3BB006D82FC /* Resources */ = {
			isa = PBXResourcesBuildPhase;
			buildActionMask = 2147483647;
			files = (
				3A2482481C5A0DFF00F27695 /* imageDownload.plist in Resources */,
				3A2482471C5A0DFF00F27695 /* defaultBackground.jpg in Resources */,
				3A2482491C5A0DFF00F27695 /* Info.plist in Resources */,
			);
			runOnlyForDeploymentPostprocessing = 0;
		};
/* End PBXResourcesBuildPhase section */

/* Begin PBXShellScriptBuildPhase section */
		A29F5C5BBF10D3FA2A3313B4 /* [CP] Copy Pods Resources */ = {
			isa = PBXShellScriptBuildPhase;
			buildActionMask = 2147483647;
			files = (
			);
			inputPaths = (
			);
			name = "[CP] Copy Pods Resources";
			outputPaths = (
			);
			runOnlyForDeploymentPostprocessing = 0;
			shellPath = /bin/sh;
			shellScript = "\"${SRCROOT}/Pods/Target Support Files/Pods-SSCycleScrollView/Pods-SSCycleScrollView-resources.sh\"\n";
			showEnvVarsInLog = 0;
		};
		F114AA2FCE2B0D1BFB10ABFB /* [CP] Check Pods Manifest.lock */ = {
			isa = PBXShellScriptBuildPhase;
			buildActionMask = 2147483647;
			files = (
			);
			inputPaths = (
			);
			name = "[CP] Check Pods Manifest.lock";
			outputPaths = (
			);
			runOnlyForDeploymentPostprocessing = 0;
			shellPath = /bin/sh;
			shellScript = "diff \"${PODS_ROOT}/../Podfile.lock\" \"${PODS_ROOT}/Manifest.lock\" > /dev/null\nif [[ $? != 0 ]] ; then\n    cat << EOM\nerror: The sandbox is not in sync with the Podfile.lock. Run 'pod install' or update your CocoaPods installation.\nEOM\n    exit 1\nfi\n";
			showEnvVarsInLog = 0;
		};
/* End PBXShellScriptBuildPhase section */

/* Begin PBXSourcesBuildPhase section */
		3A5B2E461C58E3BB006D82FC /* Sources */ = {
			isa = PBXSourcesBuildPhase;
			buildActionMask = 2147483647;
			files = (
				2A1E12D81D50A3F4003BE506 /* SSCycleScrollView.swift in Sources */,
			);
			runOnlyForDeploymentPostprocessing = 0;
		};
/* End PBXSourcesBuildPhase section */

/* Begin XCBuildConfiguration section */
		3A5B2E5D1C58E3BB006D82FC /* Debug */ = {
			isa = XCBuildConfiguration;
			buildSettings = {
				ALWAYS_SEARCH_USER_PATHS = NO;
				CLANG_CXX_LANGUAGE_STANDARD = "gnu++0x";
				CLANG_CXX_LIBRARY = "libc++";
				CLANG_ENABLE_MODULES = YES;
				CLANG_ENABLE_OBJC_ARC = YES;
				CLANG_WARN_BOOL_CONVERSION = YES;
				CLANG_WARN_CONSTANT_CONVERSION = YES;
				CLANG_WARN_DIRECT_OBJC_ISA_USAGE = YES_ERROR;
				CLANG_WARN_EMPTY_BODY = YES;
				CLANG_WARN_ENUM_CONVERSION = YES;
				CLANG_WARN_INT_CONVERSION = YES;
				CLANG_WARN_OBJC_ROOT_CLASS = YES_ERROR;
				CLANG_WARN_UNREACHABLE_CODE = YES;
				CLANG_WARN__DUPLICATE_METHOD_MATCH = YES;
				"CODE_SIGN_IDENTITY[sdk=iphoneos*]" = "iPhone Developer";
				COPY_PHASE_STRIP = NO;
				CURRENT_PROJECT_VERSION = 1;
				DEBUG_INFORMATION_FORMAT = dwarf;
				ENABLE_STRICT_OBJC_MSGSEND = YES;
				ENABLE_TESTABILITY = YES;
				GCC_C_LANGUAGE_STANDARD = gnu99;
				GCC_DYNAMIC_NO_PIC = NO;
				GCC_NO_COMMON_BLOCKS = YES;
				GCC_OPTIMIZATION_LEVEL = 0;
				GCC_PREPROCESSOR_DEFINITIONS = (
					"DEBUG=1",
					"$(inherited)",
				);
				GCC_WARN_64_TO_32_BIT_CONVERSION = YES;
				GCC_WARN_ABOUT_RETURN_TYPE = YES_ERROR;
				GCC_WARN_UNDECLARED_SELECTOR = YES;
				GCC_WARN_UNINITIALIZED_AUTOS = YES_AGGRESSIVE;
				GCC_WARN_UNUSED_FUNCTION = YES;
				GCC_WARN_UNUSED_VARIABLE = YES;
				IPHONEOS_DEPLOYMENT_TARGET = 9.2;
				MTL_ENABLE_DEBUG_INFO = YES;
				ONLY_ACTIVE_ARCH = YES;
				SDKROOT = iphoneos;
				SWIFT_OPTIMIZATION_LEVEL = "-Onone";
				TARGETED_DEVICE_FAMILY = "1,2";
				VERSIONING_SYSTEM = "apple-generic";
				VERSION_INFO_PREFIX = "";
			};
			name = Debug;
		};
		3A5B2E5E1C58E3BB006D82FC /* Release */ = {
			isa = XCBuildConfiguration;
			buildSettings = {
				ALWAYS_SEARCH_USER_PATHS = NO;
				CLANG_CXX_LANGUAGE_STANDARD = "gnu++0x";
				CLANG_CXX_LIBRARY = "libc++";
				CLANG_ENABLE_MODULES = YES;
				CLANG_ENABLE_OBJC_ARC = YES;
				CLANG_WARN_BOOL_CONVERSION = YES;
				CLANG_WARN_CONSTANT_CONVERSION = YES;
				CLANG_WARN_DIRECT_OBJC_ISA_USAGE = YES_ERROR;
				CLANG_WARN_EMPTY_BODY = YES;
				CLANG_WARN_ENUM_CONVERSION = YES;
				CLANG_WARN_INT_CONVERSION = YES;
				CLANG_WARN_OBJC_ROOT_CLASS = YES_ERROR;
				CLANG_WARN_UNREACHABLE_CODE = YES;
				CLANG_WARN__DUPLICATE_METHOD_MATCH = YES;
				"CODE_SIGN_IDENTITY[sdk=iphoneos*]" = "iPhone Developer";
				COPY_PHASE_STRIP = NO;
				CURRENT_PROJECT_VERSION = 1;
				DEBUG_INFORMATION_FORMAT = "dwarf-with-dsym";
				ENABLE_NS_ASSERTIONS = NO;
				ENABLE_STRICT_OBJC_MSGSEND = YES;
				GCC_C_LANGUAGE_STANDARD = gnu99;
				GCC_NO_COMMON_BLOCKS = YES;
				GCC_WARN_64_TO_32_BIT_CONVERSION = YES;
				GCC_WARN_ABOUT_RETURN_TYPE = YES_ERROR;
				GCC_WARN_UNDECLARED_SELECTOR = YES;
				GCC_WARN_UNINITIALIZED_AUTOS = YES_AGGRESSIVE;
				GCC_WARN_UNUSED_FUNCTION = YES;
				GCC_WARN_UNUSED_VARIABLE = YES;
				IPHONEOS_DEPLOYMENT_TARGET = 9.2;
				MTL_ENABLE_DEBUG_INFO = NO;
				SDKROOT = iphoneos;
				TARGETED_DEVICE_FAMILY = "1,2";
				VALIDATE_PRODUCT = YES;
				VERSIONING_SYSTEM = "apple-generic";
				VERSION_INFO_PREFIX = "";
			};
			name = Release;
		};
		3A5B2E601C58E3BB006D82FC /* Debug */ = {
			isa = XCBuildConfiguration;
			baseConfigurationReference = AA4D05910D3A36BFC2C2A54A /* Pods-SSCycleScrollView.debug.xcconfig */;
			buildSettings = {
				CLANG_ENABLE_MODULES = YES;
				DEFINES_MODULE = YES;
				DYLIB_COMPATIBILITY_VERSION = 1;
				DYLIB_CURRENT_VERSION = 1;
				DYLIB_INSTALL_NAME_BASE = "@rpath";
				INFOPLIST_FILE = SSCycleScrollView/Info.plist;
				INSTALL_PATH = "$(LOCAL_LIBRARY_DIR)/Frameworks";
				IPHONEOS_DEPLOYMENT_TARGET = 8.0;
				LD_RUNPATH_SEARCH_PATHS = "$(inherited) @executable_path/Frameworks @loader_path/Frameworks";
				PRODUCT_BUNDLE_IDENTIFIER = SH.SSCycleScrollView;
				PRODUCT_NAME = "$(TARGET_NAME)";
				SKIP_INSTALL = YES;
				SWIFT_INSTALL_OBJC_HEADER = YES;
				SWIFT_OBJC_BRIDGING_HEADER = "";
				SWIFT_OPTIMIZATION_LEVEL = "-Onone";
			};
			name = Debug;
		};
		3A5B2E611C58E3BB006D82FC /* Release */ = {
			isa = XCBuildConfiguration;
			baseConfigurationReference = 2A062B6B26D808CE3A0CB943 /* Pods-SSCycleScrollView.release.xcconfig */;
			buildSettings = {
				CLANG_ENABLE_MODULES = YES;
				DEFINES_MODULE = YES;
				DYLIB_COMPATIBILITY_VERSION = 1;
				DYLIB_CURRENT_VERSION = 1;
				DYLIB_INSTALL_NAME_BASE = "@rpath";
				INFOPLIST_FILE = SSCycleScrollView/Info.plist;
				INSTALL_PATH = "$(LOCAL_LIBRARY_DIR)/Frameworks";
				IPHONEOS_DEPLOYMENT_TARGET = 8.0;
				LD_RUNPATH_SEARCH_PATHS = "$(inherited) @executable_path/Frameworks @loader_path/Frameworks";
				PRODUCT_BUNDLE_IDENTIFIER = SH.SSCycleScrollView;
				PRODUCT_NAME = "$(TARGET_NAME)";
				SKIP_INSTALL = YES;
				SWIFT_INSTALL_OBJC_HEADER = YES;
				SWIFT_OBJC_BRIDGING_HEADER = "";
			};
			name = Release;
		};
/* End XCBuildConfiguration section */

/* Begin XCConfigurationList section */
		3A5B2E451C58E3BB006D82FC /* Build configuration list for PBXProject "SSCycleScrollView" */ = {
			isa = XCConfigurationList;
			buildConfigurations = (
				3A5B2E5D1C58E3BB006D82FC /* Debug */,
				3A5B2E5E1C58E3BB006D82FC /* Release */,
			);
			defaultConfigurationIsVisible = 0;
			defaultConfigurationName = Release;
		};
		3A5B2E5F1C58E3BB006D82FC /* Build configuration list for PBXNativeTarget "SSCycleScrollView" */ = {
			isa = XCConfigurationList;
			buildConfigurations = (
				3A5B2E601C58E3BB006D82FC /* Debug */,
				3A5B2E611C58E3BB006D82FC /* Release */,
			);
			defaultConfigurationIsVisible = 0;
			defaultConfigurationName = Release;
		};
/* End XCConfigurationList section */
	};
	rootObject = 3A5B2E421C58E3BB006D82FC /* Project object */;
}
